
Microsoft Visual Studio Solution File, Format Version 12.00
# Visual Studio Version 16
VisualStudioVersion = 16.0.29519.87
MinimumVisualStudioVersion = 10.0.40219.1
Project("{FAE04EC0-301F-11D3-BF4B-00C04F79EFBC}") = "SharpRemote.Android", "SharpRemote\SharpRemote.Android\SharpRemote.Android.csproj", "{608F1C44-E17F-42C9-A14E-3248900B6F1E}"
EndProject
Project("{9A19103F-16F7-4668-BE54-9A1E7A4F7556}") = "SharpRemote", "SharpRemote\SharpRemote\SharpRemote.csproj", "{680E24FF-400E-474E-ADC9-6A60E6FC2299}"
EndProject
Project("{FAE04EC0-301F-11D3-BF4B-00C04F79EFBC}") = "SharpRemote.Sqlite", "SharpRemote\SharpRemote.Sqlite\SharpRemote.Sqlite.csproj", "{6F488F23-49D0-4F57-8091-47D1AF7DFD38}"
EndProject
Global
	GlobalSection(SolutionConfigurationPlatforms) = preSolution
		Debug|Any CPU = Debug|Any CPU
		Debug|iPhone = Debug|iPhone
		Debug|iPhoneSimulator = Debug|iPhoneSimulator
		Release|Any CPU = Release|Any CPU
		Release|iPhone = Release|iPhone
		Release|iPhoneSimulator = Release|iPhoneSimulator
	EndGlobalSection
	GlobalSection(ProjectConfigurationPlatforms) = postSolution
		{608F1C44-E17F-42C9-A14E-3248900B6F1E}.Debug|Any CPU.ActiveCfg = Debug|Any CPU
		{608F1C44-E17F-42C9-A14E-3248900B6F1E}.Debug|Any CPU.Build.0 = Debug|Any CPU
		{608F1C44-E17F-42C9-A14E-3248900B6F1E}.Debug|Any CPU.Deploy.0 = Debug|Any CPU
		{608F1C44-E17F-42C9-A14E-3248900B6F1E}.Debug|iPhone.ActiveCfg = Debug|Any CPU
		{608F1C44-E17F-42C9-A14E-3248900B6F1E}.Debug|iPhone.Build.0 = Debug|Any CPU
		{608F1C44-E17F-42C9-A14E-3248900B6F1E}.Debug|iPhone.Deploy.0 = Debug|Any CPU
		{608F1C44-E17F-42C9-A14E-3248900B6F1E}.Debug|iPhoneSimulator.ActiveCfg = Debug|Any CPU
		{608F1C44-E17F-42C9-A14E-3248900B6F1E}.Debug|iPhoneSimulator.Build.0 = Debug|Any CPU
		{608F1C44-E17F-42C9-A14E-3248900B6F1E}.Debug|iPhoneSimulator.Deploy.0 = Debug|Any CPU
		{608F1C44-E17F-42C9-A14E-3248900B6F1E}.Release|Any CPU.ActiveCfg = Release|Any CPU
		{608F1C44-E17F-42C9-A14E-3248900B6F1E}.Release|Any CPU.Build.0 = Release|Any CPU
		{608F1C44-E17F-42C9-A14E-3248900B6F1E}.Release|Any CPU.Deploy.0 = Release|Any CPU
		{608F1C44-E17F-42C9-A14E-3248900B6F1E}.Release|iPhone.ActiveCfg = Release|Any CPU
		{608F1C44-E17F-42C9-A14E-3248900B6F1E}.Release|iPhone.Build.0 = Release|Any CPU
		{608F1C44-E17F-42C9-A14E-3248900B6F1E}.Release|iPhone.Deploy.0 = Release|Any CPU
		{608F1C44-E17F-42C9-A14E-3248900B6F1E}.Release|iPhoneSimulator.ActiveCfg = Release|Any CPU
		{608F1C44-E17F-42C9-A14E-3248900B6F1E}.Release|iPhoneSimulator.Build.0 = Release|Any CPU
		{608F1C44-E17F-42C9-A14E-3248900B6F1E}.Release|iPhoneSimulator.Deploy.0 = Release|Any CPU
		{680E24FF-400E-474E-ADC9-6A60E6FC2299}.Debug|Any CPU.ActiveCfg = Debug|Any CPU
		{680E24FF-400E-474E-ADC9-6A60E6FC2299}.Debug|Any CPU.Build.0 = Debug|Any CPU
		{680E24FF-400E-474E-ADC9-6A60E6FC2299}.Debug|Any CPU.Deploy.0 = Debug|Any CPU
		{680E24FF-400E-474E-ADC9-6A60E6FC2299}.Debug|iPhone.ActiveCfg = Debug|Any CPU
		{680E24FF-400E-474E-ADC9-6A60E6FC2299}.Debug|iPhone.Build.0 = Debug|Any CPU
		{680E24FF-400E-474E-ADC9-6A60E6FC2299}.Debug|iPhone.Deploy.0 = Debug|Any CPU
		{680E24FF-400E-474E-ADC9-6A60E6FC2299}.Debug|iPhoneSimulator.ActiveCfg = Debug|Any CPU
		{680E24FF-400E-474E-ADC9-6A60E6FC2299}.Debug|iPhoneSimulator.Build.0 = Debug|Any CPU
		{680E24FF-400E-474E-ADC9-6A60E6FC2299}.Debug|iPhoneSimulator.Deploy.0 = Debug|Any CPU
		{680E24FF-400E-474E-ADC9-6A60E6FC2299}.Release|Any CPU.ActiveCfg = Release|Any CPU
		{680E24FF-400E-474E-ADC9-6A60E6FC2299}.Release|Any CPU.Build.0 = Release|Any CPU
		{680E24FF-400E-474E-ADC9-6A60E6FC2299}.Release|Any CPU.Deploy.0 = Release|Any CPU
		{680E24FF-400E-474E-ADC9-6A60E6FC2299}.Release|iPhone.ActiveCfg = Release|Any CPU
		{680E24FF-400E-474E-ADC9-6A60E6FC2299}.Release|iPhone.Build.0 = Release|Any CPU
		{680E24FF-400E-474E-ADC9-6A60E6FC2299}.Release|iPhone.Deploy.0 = Release|Any CPU
		{680E24FF-400E-474E-ADC9-6A60E6FC2299}.Release|iPhoneSimulator.ActiveCfg = Release|Any CPU
		{680E24FF-400E-474E-ADC9-6A60E6FC2299}.Release|iPhoneSimulator.Build.0 = Release|Any CPU
		{680E24FF-400E-474E-ADC9-6A60E6FC2299}.Release|iPhoneSimulator.Deploy.0 = Release|Any CPU
		{6F488F23-49D0-4F57-8091-47D1AF7DFD38}.Debug|Any CPU.ActiveCfg = Debug|Any CPU
		{6F488F23-49D0-4F57-8091-47D1AF7DFD38}.Debug|Any CPU.Build.0 = Debug|Any CPU
		{6F488F23-49D0-4F57-8091-47D1AF7DFD38}.Debug|iPhone.ActiveCfg = Debug|Any CPU
		{6F488F23-49D0-4F57-8091-47D1AF7DFD38}.Debug|iPhone.Build.0 = Debug|Any CPU
		{6F488F23-49D0-4F57-8091-47D1AF7DFD38}.Debug|iPhoneSimulator.ActiveCfg = Debug|Any CPU
		{6F488F23-49D0-4F57-8091-47D1AF7DFD38}.Debug|iPhoneSimulator.Build.0 = Debug|Any CPU
		{6F488F23-49D0-4F57-8091-47D1AF7DFD38}.Release|Any CPU.ActiveCfg = Release|Any CPU
		{6F488F23-49D0-4F57-8091-47D1AF7DFD38}.Release|Any CPU.Build.0 = Release|Any CPU
		{6F488F23-49D0-4F57-8091-47D1AF7DFD38}.Release|iPhone.ActiveCfg = Release|Any CPU
		{6F488F23-49D0-4F57-8091-47D1AF7DFD38}.Release|iPhone.Build.0 = Release|Any CPU
		{6F488F23-49D0-4F57-8091-47D1AF7DFD38}.Release|iPhoneSimulator.ActiveCfg = Release|Any CPU
		{6F488F23-49D0-4F57-8091-47D1AF7DFD38}.Release|iPhoneSimulator.Build.0 = Release|Any CPU
	EndGlobalSection
	GlobalSection(SolutionProperties) = preSolution
		HideSolutionNode = FALSE
	EndGlobalSection
	GlobalSection(ExtensibilityGlobals) = postSolution
		SolutionGuid = {01B0E242-7A39-4B8A-A764-C13D00FB45A4}
	EndGlobalSection
EndGlobal
